{
  "version": 4,
  "terraform_version": "1.14.9",
  "serial": 4,
  "lineage": "09bb28f3-7138-ad41-a9ce-318c91b1f5e9",
  "outputs": {},
  "resources": [
    {
      "mode": "managed",
      "type": "mongodbatlas_project",
      "name": "lab_project",
      "provider": "provider[\"registry.terraform.io/mongodb/mongodbatlas\"]",
      "instances": [
        {
          "schema_version": 0,
          "attributes": {
            "cluster_count": 0,
            "created": "2026-04-23T08:07:54Z",
            "id": "69e9d358e67484ee3712134b",
            "ip_addresses": {
              "services": {
                "clusters": []
              }
            },
            "is_collect_database_specifics_statistics_enabled": true,
            "is_data_explorer_enabled": true,
            "is_extended_storage_sizes_enabled": false,
            "is_performance_advisor_enabled": true,
            "is_realtime_performance_panel_enabled": true,
            "is_schema_advisor_enabled": true,
            "is_slow_operation_thresholding_enabled": true,
            "limits": [],
            "name": "Terraform-Project-Alina",
            "org_id": "642a980319316a2bfd5ebcb8",
            "project_owner_id": null,
            "region_usage_restrictions": null,
            "tags": null,
            "teams": [],
            "with_default_alerts_settings": true
          },
          "sensitive_attributes": [],
          "identity_schema_version": 0
        }
      ]
    },
    {
      "mode": "managed",
      "type": "mongodbatlas_project_ip_access_list",
      "name": "ip",
      "provider": "provider[\"registry.terraform.io/mongodb/mongodbatlas\"]",
      "instances": [
        {
          "schema_version": 0,
          "attributes": {
            "aws_security_group": "",
            "cidr_block": "0.0.0.0/0",
            "comment": "Allow access for Lab",
            "id": "ZW50cnk=:MC4wLjAuMC8w-cHJvamVjdF9pZA==:NjllOWQzNThlNjc0ODRlZTM3MTIxMzRi",
            "ip_address": "",
            "project_id": "69e9d358e67484ee3712134b",
            "timeouts": null
          },
          "sensitive_attributes": [],
          "identity_schema_version": 0,
          "dependencies": [
            "mongodbatlas_project.lab_project"
          ]
        }
      ]
    }
  ],
  "check_results": null
}
