{
  "version": 4,
  "terraform_version": "1.14.9",
  "serial": 8,
  "lineage": "a56cd577-a520-5f89-f1f4-f10f17810734",
  "outputs": {},
  "resources": [
    {
      "mode": "managed",
      "type": "mongodbatlas_database_user",
      "name": "user",
      "provider": "provider[\"registry.terraform.io/mongodb/mongodbatlas\"]",
      "instances": [
        {
          "schema_version": 0,
          "attributes": {
            "auth_database_name": "admin",
            "aws_iam_type": "NONE",
            "description": null,
            "id": "YXV0aF9kYXRhYmFzZV9uYW1l:YWRtaW4=-cHJvamVjdF9pZA==:NjllOWQwN2IzOGM4ODhiNWYyNjlhMWU0-dXNlcm5hbWU=:Ym9i",
            "labels": [],
            "ldap_auth_type": "NONE",
            "oidc_auth_type": "NONE",
            "password": "fXUJAFkf5ZZbuY6z",
            "project_id": "69e9d07b38c888b5f269a1e4",
            "roles": [
              {
                "collection_name": null,
                "database_name": "test",
                "role_name": "readWrite"
              }
            ],
            "scopes": [],
            "username": "bob",
            "x509_type": "NONE"
          },
          "sensitive_attributes": [
            [
              {
                "type": "get_attr",
                "value": "password"
              }
            ]
          ],
          "identity_schema_version": 0,
          "dependencies": [
            "mongodbatlas_project.project"
          ]
        }
      ]
    },
    {
      "mode": "managed",
      "type": "mongodbatlas_project",
      "name": "project",
      "provider": "provider[\"registry.terraform.io/mongodb/mongodbatlas\"]",
      "instances": [
        {
          "schema_version": 0,
          "attributes": {
            "cluster_count": 1,
            "created": "2026-04-23T07:55:40Z",
            "id": "69e9d07b38c888b5f269a1e4",
            "ip_addresses": {
              "services": {
                "clusters": [
                  {
                    "cluster_name": "tf-cluster",
                    "inbound": [
                      "65.62.241.79",
                      "65.62.241.89",
                      "65.62.241.99"
                    ],
                    "outbound": [
                      "65.62.241.79",
                      "65.62.241.89",
                      "65.62.241.99"
                    ]
                  }
                ]
              }
            },
            "is_collect_database_specifics_statistics_enabled": true,
            "is_data_explorer_enabled": true,
            "is_extended_storage_sizes_enabled": false,
            "is_performance_advisor_enabled": true,
            "is_realtime_performance_panel_enabled": true,
            "is_schema_advisor_enabled": true,
            "is_slow_operation_thresholding_enabled": true,
            "limits": [],
            "name": "tf-project",
            "org_id": "69e9cd9cdd32e1f5aedba0f5",
            "project_owner_id": null,
            "region_usage_restrictions": null,
            "tags": null,
            "teams": [],
            "with_default_alerts_settings": true
          },
          "sensitive_attributes": [],
          "identity_schema_version": 0
        }
      ]
    },
    {
      "mode": "managed",
      "type": "mongodbatlas_project_ip_access_list",
      "name": "access",
      "provider": "provider[\"registry.terraform.io/mongodb/mongodbatlas\"]",
      "instances": [
        {
          "schema_version": 0,
          "attributes": {
            "aws_security_group": "",
            "cidr_block": "0.0.0.0/0",
            "comment": "",
            "id": "ZW50cnk=:MC4wLjAuMC8w-cHJvamVjdF9pZA==:NjllOWQwN2IzOGM4ODhiNWYyNjlhMWU0",
            "ip_address": "",
            "project_id": "69e9d07b38c888b5f269a1e4",
            "timeouts": null
          },
          "sensitive_attributes": [],
          "identity_schema_version": 0,
          "dependencies": [
            "mongodbatlas_project.project"
          ]
        }
      ]
    }
  ],
  "check_results": null
}
