{
  "version": 4,
  "terraform_version": "1.14.9",
  "serial": 6,
  "lineage": "7cdf2974-091f-9370-9d4c-ca9cbb0b58e6",
  "outputs": {},
  "resources": [
    {
      "mode": "managed",
      "type": "mongodbatlas_cluster",
      "name": "mycluster",
      "provider": "provider[\"registry.terraform.io/mongodb/mongodbatlas\"]",
      "instances": [
        {
          "schema_version": 1,
          "attributes": {
            "accept_data_risks_and_force_replica_set_reconfig": "",
            "advanced_configuration": [
              {
                "change_stream_options_pre_and_post_images_expire_after_seconds": -1,
                "custom_openssl_cipher_config_tls12": [],
                "default_max_time_ms": 0,
                "default_read_concern": "",
                "default_write_concern": "",
                "fail_index_key_too_long": false,
                "javascript_enabled": true,
                "minimum_enabled_tls_protocol": "TLS1_2",
                "no_table_scan": false,
                "oplog_min_retention_hours": 0,
                "oplog_size_mb": 0,
                "sample_refresh_interval_bi_connector": 0,
                "sample_size_bi_connector": 0,
                "tls_cipher_config_mode": "DEFAULT",
                "transaction_lifetime_limit_seconds": 0
              }
            ],
            "auto_scaling_compute_enabled": false,
            "auto_scaling_compute_scale_down_enabled": false,
            "auto_scaling_disk_gb_enabled": null,
            "backing_provider_name": "AWS",
            "backup_enabled": false,
            "bi_connector_config": [
              {
                "enabled": false,
                "read_preference": "secondary"
              }
            ],
            "cloud_backup": null,
            "cluster_id": "69e9d0ac8f986dd1539c1fac",
            "cluster_type": "REPLICASET",
            "connection_strings": [
              {
                "private": "",
                "private_endpoint": [],
                "private_srv": "",
                "standard": "mongodb://ac-lgjho8u-shard-00-00.f5etwot.mongodb.net:27017,ac-lgjho8u-shard-00-01.f5etwot.mongodb.net:27017,ac-lgjho8u-shard-00-02.f5etwot.mongodb.net:27017/?ssl=true\u0026authSource=admin\u0026replicaSet=atlas-zagx3a-shard-0",
                "standard_srv": "mongodb+srv://mycluster.f5etwot.mongodb.net"
              }
            ],
            "container_id": null,
            "disk_size_gb": 0.5,
            "encryption_at_rest_provider": "NONE",
            "id": "Y2x1c3Rlcl9pZA==:NjllOWQwYWM4Zjk4NmRkMTUzOWMxZmFj-Y2x1c3Rlcl9uYW1l:bXljbHVzdGVy-cHJvamVjdF9pZA==:NjllOWQwYTVjYTJkZjJhMTVhM2QyYjRh-cHJvdmlkZXJfbmFtZQ==:VEVOQU5U",
            "labels": [],
            "mongo_db_major_version": "8.0",
            "mongo_db_version": "8.0.20",
            "mongo_uri": "mongodb://ac-lgjho8u-shard-00-00.f5etwot.mongodb.net:27017,ac-lgjho8u-shard-00-01.f5etwot.mongodb.net:27017,ac-lgjho8u-shard-00-02.f5etwot.mongodb.net:27017",
            "mongo_uri_updated": "2026-04-23T07:56:36Z",
            "mongo_uri_with_options": "mongodb://ac-lgjho8u-shard-00-00.f5etwot.mongodb.net:27017,ac-lgjho8u-shard-00-01.f5etwot.mongodb.net:27017,ac-lgjho8u-shard-00-02.f5etwot.mongodb.net:27017/?ssl=true\u0026authSource=admin\u0026replicaSet=atlas-zagx3a-shard-0",
            "name": "mycluster",
            "num_shards": 1,
            "paused": false,
            "pinned_fcv": [],
            "pit_enabled": false,
            "project_id": "69e9d0a5ca2df2a15a3d2b4a",
            "provider_auto_scaling_compute_max_instance_size": "",
            "provider_auto_scaling_compute_min_instance_size": "",
            "provider_disk_iops": null,
            "provider_disk_type_name": "",
            "provider_encrypt_ebs_volume": null,
            "provider_encrypt_ebs_volume_flag": null,
            "provider_instance_size_name": "M0",
            "provider_name": "TENANT",
            "provider_region_name": "US_EAST_1",
            "provider_volume_type": "",
            "redact_client_log_data": false,
            "replication_factor": 3,
            "replication_specs": [
              {
                "id": "69e9d0ac8f986dd1539c1e2d",
                "num_shards": 1,
                "regions_config": [
                  {
                    "analytics_nodes": 0,
                    "electable_nodes": 3,
                    "priority": 7,
                    "read_only_nodes": 0,
                    "region_name": "US_EAST_1"
                  }
                ],
                "zone_name": "Zone 1"
              }
            ],
            "retain_backups_enabled": null,
            "snapshot_backup_policy": [],
            "srv_address": "mongodb+srv://mycluster.f5etwot.mongodb.net",
            "state_name": "IDLE",
            "tags": [],
            "termination_protection_enabled": false,
            "timeouts": null,
            "version_release_system": "LTS"
          },
          "sensitive_attributes": [],
          "identity_schema_version": 0,
          "private": "eyJlMmJmYjczMC1lY2FhLTExZTYtOGY4OC0zNDM2M2JjN2M0YzAiOnsiY3JlYXRlIjoxMDgwMDAwMDAwMDAwMCwiZGVsZXRlIjoxMDgwMDAwMDAwMDAwMCwidXBkYXRlIjoxMDgwMDAwMDAwMDAwMH0sInNjaGVtYV92ZXJzaW9uIjoiMSJ9",
          "dependencies": [
            "mongodbatlas_project.myproject"
          ]
        }
      ]
    },
    {
      "mode": "managed",
      "type": "mongodbatlas_database_user",
      "name": "bob",
      "provider": "provider[\"registry.terraform.io/mongodb/mongodbatlas\"]",
      "instances": [
        {
          "schema_version": 0,
          "attributes": {
            "auth_database_name": "admin",
            "aws_iam_type": "NONE",
            "description": null,
            "id": "YXV0aF9kYXRhYmFzZV9uYW1l:YWRtaW4=-cHJvamVjdF9pZA==:NjllOWQwYTVjYTJkZjJhMTVhM2QyYjRh-dXNlcm5hbWU=:Ym9i",
            "labels": [],
            "ldap_auth_type": "NONE",
            "oidc_auth_type": "NONE",
            "password": "fXUJAFkf5ZZbuY6z",
            "project_id": "69e9d0a5ca2df2a15a3d2b4a",
            "roles": [
              {
                "collection_name": null,
                "database_name": "mydb",
                "role_name": "readWrite"
              }
            ],
            "scopes": [],
            "username": "bob",
            "x509_type": "NONE"
          },
          "sensitive_attributes": [
            [
              {
                "type": "get_attr",
                "value": "password"
              }
            ]
          ],
          "identity_schema_version": 0,
          "dependencies": [
            "mongodbatlas_cluster.mycluster",
            "mongodbatlas_project.myproject"
          ]
        }
      ]
    },
    {
      "mode": "managed",
      "type": "mongodbatlas_project",
      "name": "myproject",
      "provider": "provider[\"registry.terraform.io/mongodb/mongodbatlas\"]",
      "instances": [
        {
          "schema_version": 0,
          "attributes": {
            "cluster_count": 0,
            "created": "2026-04-23T07:56:25Z",
            "id": "69e9d0a5ca2df2a15a3d2b4a",
            "ip_addresses": {
              "services": {
                "clusters": []
              }
            },
            "is_collect_database_specifics_statistics_enabled": true,
            "is_data_explorer_enabled": true,
            "is_extended_storage_sizes_enabled": false,
            "is_performance_advisor_enabled": true,
            "is_realtime_performance_panel_enabled": true,
            "is_schema_advisor_enabled": true,
            "is_slow_operation_thresholding_enabled": true,
            "limits": [],
            "name": "My Project",
            "org_id": "69e9cd802606770bb2a77074",
            "project_owner_id": null,
            "region_usage_restrictions": null,
            "tags": null,
            "teams": [],
            "with_default_alerts_settings": true
          },
          "sensitive_attributes": [],
          "identity_schema_version": 0
        }
      ]
    },
    {
      "mode": "managed",
      "type": "mongodbatlas_project_ip_access_list",
      "name": "cidr",
      "provider": "provider[\"registry.terraform.io/mongodb/mongodbatlas\"]",
      "instances": [
        {
          "index_key": "CIDR Block 2",
          "schema_version": 0,
          "attributes": {
            "aws_security_group": "",
            "cidr_block": "128.0.0.0/1",
            "comment": "CIDR Block 2",
            "id": "ZW50cnk=:MTI4LjAuMC4wLzE=-cHJvamVjdF9pZA==:NjllOWQwYTVjYTJkZjJhMTVhM2QyYjRh",
            "ip_address": "",
            "project_id": "69e9d0a5ca2df2a15a3d2b4a",
            "timeouts": null
          },
          "sensitive_attributes": [],
          "identity_schema_version": 0,
          "dependencies": [
            "mongodbatlas_cluster.mycluster",
            "mongodbatlas_project.myproject"
          ]
        }
      ]
    }
  ],
  "check_results": null
}
